
Microsoft Visual Studio Solution File, Format Version 12.00
# Visual Studio Version 17
VisualStudioVersion = 17.14.37012.4 d17.14
MinimumVisualStudioVersion = 10.0.40219.1
Project("{FAE04EC0-301F-11D3-BF4B-00C04F79EFBC}") = "ECOP.AccesoDatos", "ECOP.AccesoDatos\ECOP.AccesoDatos.csproj", "{08D8835C-D49E-57FE-A563-238867010632}"
EndProject
Project("{FAE04EC0-301F-11D3-BF4B-00C04F79EFBC}") = "ECOP.Models", "ECOP.Models\ECOP.Models.csproj", "{EE4DACFF-8DE0-FB09-D412-437807D1AC9F}"
EndProject
Project("{FAE04EC0-301F-11D3-BF4B-00C04F79EFBC}") = "ECOP.Web", "ECOP.Web\ECOP.Web.csproj", "{04E16591-C4E2-F821-F82F-6CB0466894C1}"
EndProject
Global
	GlobalSection(SolutionConfigurationPlatforms) = preSolution
		Debug|Any CPU = Debug|Any CPU
		Release|Any CPU = Release|Any CPU
	EndGlobalSection
	GlobalSection(ProjectConfigurationPlatforms) = postSolution
		{08D8835C-D49E-57FE-A563-238867010632}.Debug|Any CPU.ActiveCfg = Debug|Any CPU
		{08D8835C-D49E-57FE-A563-238867010632}.Debug|Any CPU.Build.0 = Debug|Any CPU
		{08D8835C-D49E-57FE-A563-238867010632}.Release|Any CPU.ActiveCfg = Release|Any CPU
		{08D8835C-D49E-57FE-A563-238867010632}.Release|Any CPU.Build.0 = Release|Any CPU
		{EE4DACFF-8DE0-FB09-D412-437807D1AC9F}.Debug|Any CPU.ActiveCfg = Debug|Any CPU
		{EE4DACFF-8DE0-FB09-D412-437807D1AC9F}.Debug|Any CPU.Build.0 = Debug|Any CPU
		{EE4DACFF-8DE0-FB09-D412-437807D1AC9F}.Release|Any CPU.ActiveCfg = Release|Any CPU
		{EE4DACFF-8DE0-FB09-D412-437807D1AC9F}.Release|Any CPU.Build.0 = Release|Any CPU
		{04E16591-C4E2-F821-F82F-6CB0466894C1}.Debug|Any CPU.ActiveCfg = Debug|Any CPU
		{04E16591-C4E2-F821-F82F-6CB0466894C1}.Debug|Any CPU.Build.0 = Debug|Any CPU
		{04E16591-C4E2-F821-F82F-6CB0466894C1}.Release|Any CPU.ActiveCfg = Release|Any CPU
		{04E16591-C4E2-F821-F82F-6CB0466894C1}.Release|Any CPU.Build.0 = Release|Any CPU
	EndGlobalSection
	GlobalSection(SolutionProperties) = preSolution
		HideSolutionNode = FALSE
	EndGlobalSection
	GlobalSection(ExtensibilityGlobals) = postSolution
		SolutionGuid = {58D73E22-9C57-4C75-8C55-EFEDBEB366AB}
	EndGlobalSection
EndGlobal
